
Microsoft Visual Studio Solution File, Format Version 12.00
# Visual Studio Version 17
VisualStudioVersion = 17.6.33723.286
MinimumVisualStudioVersion = 10.0.40219.1
Project("{8BC9CEB8-8B4A-11D0-8D11-00A0C91BC942}") = "itog6.4", "itog6.4\itog6.4.vcxproj", "{604B6E2C-8CF4-40F6-977A-07E33B2C03EF}"
EndProject
Global
	GlobalSection(SolutionConfigurationPlatforms) = preSolution
		Debug|x64 = Debug|x64
		Debug|x86 = Debug|x86
		Release|x64 = Release|x64
		Release|x86 = Release|x86
	EndGlobalSection
	GlobalSection(ProjectConfigurationPlatforms) = postSolution
		{604B6E2C-8CF4-40F6-977A-07E33B2C03EF}.Debug|x64.ActiveCfg = Debug|x64
		{604B6E2C-8CF4-40F6-977A-07E33B2C03EF}.Debug|x64.Build.0 = Debug|x64
		{604B6E2C-8CF4-40F6-977A-07E33B2C03EF}.Debug|x86.ActiveCfg = Debug|Win32
		{604B6E2C-8CF4-40F6-977A-07E33B2C03EF}.Debug|x86.Build.0 = Debug|Win32
		{604B6E2C-8CF4-40F6-977A-07E33B2C03EF}.Release|x64.ActiveCfg = Release|x64
		{604B6E2C-8CF4-40F6-977A-07E33B2C03EF}.Release|x64.Build.0 = Release|x64
		{604B6E2C-8CF4-40F6-977A-07E33B2C03EF}.Release|x86.ActiveCfg = Release|Win32
		{604B6E2C-8CF4-40F6-977A-07E33B2C03EF}.Release|x86.Build.0 = Release|Win32
	EndGlobalSection
	GlobalSection(SolutionProperties) = preSolution
		HideSolutionNode = FALSE
	EndGlobalSection
	GlobalSection(ExtensibilityGlobals) = postSolution
		SolutionGuid = {6630B729-1958-45AD-9EDD-C92BA98E4864}
	EndGlobalSection
EndGlobal
